
Microsoft Visual Studio Solution File, Format Version 12.00
# Visual Studio Version 17
VisualStudioVersion = 17.8.34309.116
MinimumVisualStudioVersion = 10.0.40219.1
Project("{9A19103F-16F7-4668-BE54-9A1E7A4F7556}") = "NFunctional.ValueObject", "src\NFunctional.ValueObject\NFunctional.ValueObject.csproj", "{4206B2DE-F6AB-4C27-931B-BCA5457AF7D5}"
EndProject
Project("{9A19103F-16F7-4668-BE54-9A1E7A4F7556}") = "NFunctional.Maybe", "src\NFunctional.Maybe\NFunctional.Maybe.csproj", "{9ABE6C2F-DA97-4D5A-BECC-F0D7CEB4FD23}"
EndProject
Project("{9A19103F-16F7-4668-BE54-9A1E7A4F7556}") = "NFunctional.Result", "src\NFunctional.Result\NFunctional.Result.csproj", "{283CCD9C-F565-4164-898D-EF1321BF39D3}"
EndProject
Project("{2150E333-8FDC-42A3-9474-1A3956D46DE8}") = "tests", "tests", "{F94489BC-C195-40C8-B475-F7DA7F434CCC}"
EndProject
Project("{2150E333-8FDC-42A3-9474-1A3956D46DE8}") = "src", "src", "{6837973D-9A6B-4252-9269-74DD3A52F687}"
EndProject
Project("{FAE04EC0-301F-11D3-BF4B-00C04F79EFBC}") = "NFunctional.Maybe.Test", "tests\NFunctional.Maybe.Test\NFunctional.Maybe.Test.csproj", "{BCC9A460-BC35-4FEA-8B7F-37EDCF714EF5}"
EndProject
Global
	GlobalSection(SolutionConfigurationPlatforms) = preSolution
		Debug|Any CPU = Debug|Any CPU
		Release|Any CPU = Release|Any CPU
	EndGlobalSection
	GlobalSection(ProjectConfigurationPlatforms) = postSolution
		{4206B2DE-F6AB-4C27-931B-BCA5457AF7D5}.Debug|Any CPU.ActiveCfg = Debug|Any CPU
		{4206B2DE-F6AB-4C27-931B-BCA5457AF7D5}.Debug|Any CPU.Build.0 = Debug|Any CPU
		{4206B2DE-F6AB-4C27-931B-BCA5457AF7D5}.Release|Any CPU.ActiveCfg = Release|Any CPU
		{4206B2DE-F6AB-4C27-931B-BCA5457AF7D5}.Release|Any CPU.Build.0 = Release|Any CPU
		{9ABE6C2F-DA97-4D5A-BECC-F0D7CEB4FD23}.Debug|Any CPU.ActiveCfg = Debug|Any CPU
		{9ABE6C2F-DA97-4D5A-BECC-F0D7CEB4FD23}.Debug|Any CPU.Build.0 = Debug|Any CPU
		{9ABE6C2F-DA97-4D5A-BECC-F0D7CEB4FD23}.Release|Any CPU.ActiveCfg = Release|Any CPU
		{9ABE6C2F-DA97-4D5A-BECC-F0D7CEB4FD23}.Release|Any CPU.Build.0 = Release|Any CPU
		{283CCD9C-F565-4164-898D-EF1321BF39D3}.Debug|Any CPU.ActiveCfg = Debug|Any CPU
		{283CCD9C-F565-4164-898D-EF1321BF39D3}.Debug|Any CPU.Build.0 = Debug|Any CPU
		{283CCD9C-F565-4164-898D-EF1321BF39D3}.Release|Any CPU.ActiveCfg = Release|Any CPU
		{283CCD9C-F565-4164-898D-EF1321BF39D3}.Release|Any CPU.Build.0 = Release|Any CPU
		{BCC9A460-BC35-4FEA-8B7F-37EDCF714EF5}.Debug|Any CPU.ActiveCfg = Debug|Any CPU
		{BCC9A460-BC35-4FEA-8B7F-37EDCF714EF5}.Debug|Any CPU.Build.0 = Debug|Any CPU
		{BCC9A460-BC35-4FEA-8B7F-37EDCF714EF5}.Release|Any CPU.ActiveCfg = Release|Any CPU
		{BCC9A460-BC35-4FEA-8B7F-37EDCF714EF5}.Release|Any CPU.Build.0 = Release|Any CPU
	EndGlobalSection
	GlobalSection(SolutionProperties) = preSolution
		HideSolutionNode = FALSE
	EndGlobalSection
	GlobalSection(NestedProjects) = preSolution
		{4206B2DE-F6AB-4C27-931B-BCA5457AF7D5} = {6837973D-9A6B-4252-9269-74DD3A52F687}
		{9ABE6C2F-DA97-4D5A-BECC-F0D7CEB4FD23} = {6837973D-9A6B-4252-9269-74DD3A52F687}
		{283CCD9C-F565-4164-898D-EF1321BF39D3} = {6837973D-9A6B-4252-9269-74DD3A52F687}
		{BCC9A460-BC35-4FEA-8B7F-37EDCF714EF5} = {F94489BC-C195-40C8-B475-F7DA7F434CCC}
	EndGlobalSection
	GlobalSection(ExtensibilityGlobals) = postSolution
		SolutionGuid = {8B26B18E-CC78-46E6-8B2B-85E15AAF946A}
	EndGlobalSection
EndGlobal
